Microsoft Visual Studio Solution File, Format Version 11.00
# Visual Studio 2008

Project("{E5C8A70B-6C73-AD72-0AC3-2829111D2A78}") = "Kopje", "Assembly-CSharp-firstpass.csproj", "{C23AD23D-96DA-4950-03C7-E30993608B68}"
EndProject
Project("{E5C8A70B-6C73-AD72-0AC3-2829111D2A78}") = "Kopje", "Assembly-CSharp.csproj", "{6D811B0C-93B4-6B99-1B05-412CBE7C269B}"
EndProject
Project("{E5C8A70B-6C73-AD72-0AC3-2829111D2A78}") = "Kopje", "Assembly-CSharp-Editor.csproj", "{11071AC1-920D-4A3C-B23D-19F11BB0F0CF}"
EndProject
Project("{E5C8A70B-6C73-AD72-0AC3-2829111D2A78}") = "Kopje", "Assembly-UnityScript-firstpass.unityproj", "{2A892F56-BF37-30A8-4E6D-11ED21E87EDA}"
EndProject
Project("{E5C8A70B-6C73-AD72-0AC3-2829111D2A78}") = "Kopje", "Assembly-UnityScript.unityproj", "{C57CA513-7E88-A00A-3CF9-D0DF33AB99E8}"
EndProject
Project("{E5C8A70B-6C73-AD72-0AC3-2829111D2A78}") = "Kopje", "Assembly-UnityScript-Editor.unityproj", "{2D01470A-CFCC-3D31-1AC5-E51D3F4C87E9}"
EndProject
Global
	GlobalSection(SolutionConfigurationPlatforms) = preSolution
		Debug|Any CPU = Debug|Any CPU
		Release|Any CPU = Release|Any CPU
	EndGlobalSection
	GlobalSection(ProjectConfigurationPlatforms) = postSolution
		{C23AD23D-96DA-4950-03C7-E30993608B68}.Debug|Any CPU.ActiveCfg = Debug|Any CPU
		{C23AD23D-96DA-4950-03C7-E30993608B68}.Debug|Any CPU.Build.0 = Debug|Any CPU
		{C23AD23D-96DA-4950-03C7-E30993608B68}.Release|Any CPU.ActiveCfg = Release|Any CPU
		{C23AD23D-96DA-4950-03C7-E30993608B68}.Release|Any CPU.Build.0 = Release|Any CPU
		{6D811B0C-93B4-6B99-1B05-412CBE7C269B}.Debug|Any CPU.ActiveCfg = Debug|Any CPU
		{6D811B0C-93B4-6B99-1B05-412CBE7C269B}.Debug|Any CPU.Build.0 = Debug|Any CPU
		{6D811B0C-93B4-6B99-1B05-412CBE7C269B}.Release|Any CPU.ActiveCfg = Release|Any CPU
		{6D811B0C-93B4-6B99-1B05-412CBE7C269B}.Release|Any CPU.Build.0 = Release|Any CPU
		{11071AC1-920D-4A3C-B23D-19F11BB0F0CF}.Debug|Any CPU.ActiveCfg = Debug|Any CPU
		{11071AC1-920D-4A3C-B23D-19F11BB0F0CF}.Debug|Any CPU.Build.0 = Debug|Any CPU
		{11071AC1-920D-4A3C-B23D-19F11BB0F0CF}.Release|Any CPU.ActiveCfg = Release|Any CPU
		{11071AC1-920D-4A3C-B23D-19F11BB0F0CF}.Release|Any CPU.Build.0 = Release|Any CPU
		{2A892F56-BF37-30A8-4E6D-11ED21E87EDA}.Debug|Any CPU.ActiveCfg = Debug|Any CPU
		{2A892F56-BF37-30A8-4E6D-11ED21E87EDA}.Debug|Any CPU.Build.0 = Debug|Any CPU
		{2A892F56-BF37-30A8-4E6D-11ED21E87EDA}.Release|Any CPU.ActiveCfg = Release|Any CPU
		{2A892F56-BF37-30A8-4E6D-11ED21E87EDA}.Release|Any CPU.Build.0 = Release|Any CPU
		{C57CA513-7E88-A00A-3CF9-D0DF33AB99E8}.Debug|Any CPU.ActiveCfg = Debug|Any CPU
		{C57CA513-7E88-A00A-3CF9-D0DF33AB99E8}.Debug|Any CPU.Build.0 = Debug|Any CPU
		{C57CA513-7E88-A00A-3CF9-D0DF33AB99E8}.Release|Any CPU.ActiveCfg = Release|Any CPU
		{C57CA513-7E88-A00A-3CF9-D0DF33AB99E8}.Release|Any CPU.Build.0 = Release|Any CPU
		{2D01470A-CFCC-3D31-1AC5-E51D3F4C87E9}.Debug|Any CPU.ActiveCfg = Debug|Any CPU
		{2D01470A-CFCC-3D31-1AC5-E51D3F4C87E9}.Debug|Any CPU.Build.0 = Debug|Any CPU
		{2D01470A-CFCC-3D31-1AC5-E51D3F4C87E9}.Release|Any CPU.ActiveCfg = Release|Any CPU
		{2D01470A-CFCC-3D31-1AC5-E51D3F4C87E9}.Release|Any CPU.Build.0 = Release|Any CPU
	EndGlobalSection
	GlobalSection(SolutionProperties) = preSolution
		HideSolutionNode = FALSE
	EndGlobalSection
																																																																																																											GlobalSection(MonoDevelopProperties) = preSolution
		Policies = $0
		$0.TextStylePolicy = $1
		$1.inheritsSet = null
		$1.scope = text/x-csharp
		$0.CSharpFormattingPolicy = $2
		$2.inheritsSet = Mono
		$2.inheritsScope = text/x-csharp
		$2.scope = text/x-csharp
		$0.TextStylePolicy = $3
		$3.FileWidth = 120
		$3.TabWidth = 4
		$3.EolMarker = Unix
		$3.inheritsSet = Mono
		$3.inheritsScope = text/plain
		$3.scope = text/plain
	EndGlobalSection

EndGlobal
